
Microsoft Visual Studio Solution File, Format Version 12.00
# Visual Studio 15
VisualStudioVersion = 15.0.28010.2036
MinimumVisualStudioVersion = 10.0.40219.1
Project("{2150E333-8FDC-42A3-9474-1A3956D46DE8}") = "src", "src", "{ED480624-42C9-4C12-933F-BABDD023B7B6}"
EndProject
Project("{2150E333-8FDC-42A3-9474-1A3956D46DE8}") = "test", "test", "{E3C84DA6-B6E7-473F-AF51-403D9F71FC7C}"
EndProject
Project("{9A19103F-16F7-4668-BE54-9A1E7A4F7556}") = "Gerede.Hosting.Identity", "src\Gerede.Hosting.Identity\Gerede.Hosting.Identity.csproj", "{E049AA2D-A1CC-4F7A-A9DE-EDD92B47872E}"
EndProject
Project("{9A19103F-16F7-4668-BE54-9A1E7A4F7556}") = "Gerede.Domain.Data", "src\Gerede.Domain.Data\Gerede.Domain.Data.csproj", "{7E9C533B-46D3-46BC-9A89-2AB8221AE00C}"
EndProject
Project("{9A19103F-16F7-4668-BE54-9A1E7A4F7556}") = "Gerede.Hosting.Core", "src\Gerede.Hosting.Core\Gerede.Hosting.Core.csproj", "{8F8E3790-52F5-44FE-8FA8-6F8CA68B3ADB}"
EndProject
Project("{9A19103F-16F7-4668-BE54-9A1E7A4F7556}") = "Gerede.Domain.Core", "src\Gerede.Domain.Core\Gerede.Domain.Core.csproj", "{ADA1A7D0-9324-426A-BA05-9170814A9359}"
EndProject
Project("{9A19103F-16F7-4668-BE54-9A1E7A4F7556}") = "Gerede.Hosting.Api", "src\Gerede.Hosting.Api\Gerede.Hosting.Api.csproj", "{96557A28-9C70-4C38-94B7-3B7D1DECADBD}"
EndProject
Project("{FAE04EC0-301F-11D3-BF4B-00C04F79EFBC}") = "Gerede.Domain.Data.Manager", "src\Gerede.Domain.Data.Manager\Gerede.Domain.Data.Manager.csproj", "{02CDBAFE-417E-4B19-AE26-0EBC83823D1A}"
EndProject
Global
	GlobalSection(SolutionConfigurationPlatforms) = preSolution
		Debug|Any CPU = Debug|Any CPU
		Release|Any CPU = Release|Any CPU
	EndGlobalSection
	GlobalSection(ProjectConfigurationPlatforms) = postSolution
		{E049AA2D-A1CC-4F7A-A9DE-EDD92B47872E}.Debug|Any CPU.ActiveCfg = Debug|Any CPU
		{E049AA2D-A1CC-4F7A-A9DE-EDD92B47872E}.Debug|Any CPU.Build.0 = Debug|Any CPU
		{E049AA2D-A1CC-4F7A-A9DE-EDD92B47872E}.Release|Any CPU.ActiveCfg = Release|Any CPU
		{E049AA2D-A1CC-4F7A-A9DE-EDD92B47872E}.Release|Any CPU.Build.0 = Release|Any CPU
		{7E9C533B-46D3-46BC-9A89-2AB8221AE00C}.Debug|Any CPU.ActiveCfg = Debug|Any CPU
		{7E9C533B-46D3-46BC-9A89-2AB8221AE00C}.Debug|Any CPU.Build.0 = Debug|Any CPU
		{7E9C533B-46D3-46BC-9A89-2AB8221AE00C}.Release|Any CPU.ActiveCfg = Release|Any CPU
		{7E9C533B-46D3-46BC-9A89-2AB8221AE00C}.Release|Any CPU.Build.0 = Release|Any CPU
		{8F8E3790-52F5-44FE-8FA8-6F8CA68B3ADB}.Debug|Any CPU.ActiveCfg = Debug|Any CPU
		{8F8E3790-52F5-44FE-8FA8-6F8CA68B3ADB}.Debug|Any CPU.Build.0 = Debug|Any CPU
		{8F8E3790-52F5-44FE-8FA8-6F8CA68B3ADB}.Release|Any CPU.ActiveCfg = Release|Any CPU
		{8F8E3790-52F5-44FE-8FA8-6F8CA68B3ADB}.Release|Any CPU.Build.0 = Release|Any CPU
		{ADA1A7D0-9324-426A-BA05-9170814A9359}.Debug|Any CPU.ActiveCfg = Debug|Any CPU
		{ADA1A7D0-9324-426A-BA05-9170814A9359}.Debug|Any CPU.Build.0 = Debug|Any CPU
		{ADA1A7D0-9324-426A-BA05-9170814A9359}.Release|Any CPU.ActiveCfg = Release|Any CPU
		{ADA1A7D0-9324-426A-BA05-9170814A9359}.Release|Any CPU.Build.0 = Release|Any CPU
		{96557A28-9C70-4C38-94B7-3B7D1DECADBD}.Debug|Any CPU.ActiveCfg = Debug|Any CPU
		{96557A28-9C70-4C38-94B7-3B7D1DECADBD}.Debug|Any CPU.Build.0 = Debug|Any CPU
		{96557A28-9C70-4C38-94B7-3B7D1DECADBD}.Release|Any CPU.ActiveCfg = Release|Any CPU
		{96557A28-9C70-4C38-94B7-3B7D1DECADBD}.Release|Any CPU.Build.0 = Release|Any CPU
		{02CDBAFE-417E-4B19-AE26-0EBC83823D1A}.Debug|Any CPU.ActiveCfg = Debug|Any CPU
		{02CDBAFE-417E-4B19-AE26-0EBC83823D1A}.Debug|Any CPU.Build.0 = Debug|Any CPU
		{02CDBAFE-417E-4B19-AE26-0EBC83823D1A}.Release|Any CPU.ActiveCfg = Release|Any CPU
		{02CDBAFE-417E-4B19-AE26-0EBC83823D1A}.Release|Any CPU.Build.0 = Release|Any CPU
	EndGlobalSection
	GlobalSection(SolutionProperties) = preSolution
		HideSolutionNode = FALSE
	EndGlobalSection
	GlobalSection(NestedProjects) = preSolution
		{E049AA2D-A1CC-4F7A-A9DE-EDD92B47872E} = {ED480624-42C9-4C12-933F-BABDD023B7B6}
		{7E9C533B-46D3-46BC-9A89-2AB8221AE00C} = {ED480624-42C9-4C12-933F-BABDD023B7B6}
		{8F8E3790-52F5-44FE-8FA8-6F8CA68B3ADB} = {ED480624-42C9-4C12-933F-BABDD023B7B6}
		{ADA1A7D0-9324-426A-BA05-9170814A9359} = {ED480624-42C9-4C12-933F-BABDD023B7B6}
		{96557A28-9C70-4C38-94B7-3B7D1DECADBD} = {ED480624-42C9-4C12-933F-BABDD023B7B6}
		{02CDBAFE-417E-4B19-AE26-0EBC83823D1A} = {ED480624-42C9-4C12-933F-BABDD023B7B6}
	EndGlobalSection
	GlobalSection(ExtensibilityGlobals) = postSolution
		SolutionGuid = {0DE185E8-2296-4B70-8794-1BFCB05CCE34}
	EndGlobalSection
EndGlobal
